// !$*UTF8*$!
{
	archiveVersion = 1;
	classes = {
	};
	objectVersion = 56;
	objects = {

/* Begin PBXBuildFile section */
		122812692C07368600F5716F /* data.json in Resources */ = {isa = PBXBuildFile; fileRef = 122812682C07368600F5716F /* data.json */; };
		12D79DBA2C07200000775087 /* AppDelegate.swift in Sources */ = {isa = PBXBuildFile; fileRef = 12D79DB92C07200000775087 /* AppDelegate.swift */; };
		12D79DBC2C07200000775087 /* SceneDelegate.swift in Sources */ = {isa = PBXBuildFile; fileRef = 12D79DBB2C07200000775087 /* SceneDelegate.swift */; };
		12D79DBE2C07200000775087 /* ViewController.swift in Sources */ = {isa = PBXBuildFile; fileRef = 12D79DBD2C07200000775087 /* ViewController.swift */; };
		12D79DC12C07200000775087 /* Base in Resources */ = {isa = PBXBuildFile; fileRef = 12D79DC02C07200000775087 /* Base */; };
		12D79DC32C07200100775087 /* Assets.xcassets in Resources */ = {isa = PBXBuildFile; fileRef = 12D79DC22C07200100775087 /* Assets.xcassets */; };
		12D79DC62C07200100775087 /* Base in Resources */ = {isa = PBXBuildFile; fileRef = 12D79DC52C07200100775087 /* Base */; };
		12D79DCF2C07209700775087 /* RswiftLibrary in Frameworks */ = {isa = PBXBuildFile; productRef = 12D79DCE2C07209700775087 /* RswiftLibrary */; };
		12D79DD52C07218B00775087 /* IQKeyboardManagerSwift in Frameworks */ = {isa = PBXBuildFile; productRef = 12D79DD42C07218B00775087 /* IQKeyboardManagerSwift */; };
		12D79E182C0723FC00775087 /* Assembly.swift in Sources */ = {isa = PBXBuildFile; fileRef = 12D79DEA2C0723FC00775087 /* Assembly.swift */; };
		12D79E192C0723FC00775087 /* Navigation.swift in Sources */ = {isa = PBXBuildFile; fileRef = 12D79DEB2C0723FC00775087 /* Navigation.swift */; };
		12D79E1A2C0723FC00775087 /* DetailsConfigurator.swift in Sources */ = {isa = PBXBuildFile; fileRef = 12D79DED2C0723FC00775087 /* DetailsConfigurator.swift */; };
		12D79E1B2C0723FC00775087 /* DetailsWireframe.swift in Sources */ = {isa = PBXBuildFile; fileRef = 12D79DEE2C0723FC00775087 /* DetailsWireframe.swift */; };
		12D79E1C2C0723FC00775087 /* Details.storyboard in Resources */ = {isa = PBXBuildFile; fileRef = 12D79DF02C0723FC00775087 /* Details.storyboard */; };
		12D79E1D2C0723FC00775087 /* DetailsViewController.swift in Sources */ = {isa = PBXBuildFile; fileRef = 12D79DF12C0723FC00775087 /* DetailsViewController.swift */; };
		12D79E1E2C0723FC00775087 /* DetailsViewModel.swift in Sources */ = {isa = PBXBuildFile; fileRef = 12D79DF22C0723FC00775087 /* DetailsViewModel.swift */; };
		12D79E1F2C0723FC00775087 /* InputTextField.swift in Sources */ = {isa = PBXBuildFile; fileRef = 12D79DF32C0723FC00775087 /* InputTextField.swift */; };
		12D79E202C0723FC00775087 /* ContactService.swift in Sources */ = {isa = PBXBuildFile; fileRef = 12D79DF62C0723FC00775087 /* ContactService.swift */; };
		12D79E212C0723FC00775087 /* ListingConfigurator.swift in Sources */ = {isa = PBXBuildFile; fileRef = 12D79DF82C0723FC00775087 /* ListingConfigurator.swift */; };
		12D79E222C0723FC00775087 /* ListingWireframe.swift in Sources */ = {isa = PBXBuildFile; fileRef = 12D79DF92C0723FC00775087 /* ListingWireframe.swift */; };
		12D79E232C0723FC00775087 /* ListingTableViewCell.swift in Sources */ = {isa = PBXBuildFile; fileRef = 12D79DFB2C0723FC00775087 /* ListingTableViewCell.swift */; };
		12D79E242C0723FC00775087 /* ListingTableViewCell.xib in Resources */ = {isa = PBXBuildFile; fileRef = 12D79DFC2C0723FC00775087 /* ListingTableViewCell.xib */; };
		12D79E252C0723FC00775087 /* Listing.storyboard in Resources */ = {isa = PBXBuildFile; fileRef = 12D79DFE2C0723FC00775087 /* Listing.storyboard */; };
		12D79E262C0723FC00775087 /* ListingViewController.swift in Sources */ = {isa = PBXBuildFile; fileRef = 12D79DFF2C0723FC00775087 /* ListingViewController.swift */; };
		12D79E272C0723FC00775087 /* ListingViewModel.swift in Sources */ = {isa = PBXBuildFile; fileRef = 12D79E002C0723FC00775087 /* ListingViewModel.swift */; };
		12D79E282C0723FC00775087 /* SplashConfigurator.swift in Sources */ = {isa = PBXBuildFile; fileRef = 12D79E032C0723FC00775087 /* SplashConfigurator.swift */; };
		12D79E292C0723FC00775087 /* SplashWireframe.swift in Sources */ = {isa = PBXBuildFile; fileRef = 12D79E042C0723FC00775087 /* SplashWireframe.swift */; };
		12D79E2B2C0723FC00775087 /* Splash.storyboard in Resources */ = {isa = PBXBuildFile; fileRef = 12D79E072C0723FC00775087 /* Splash.storyboard */; };
		12D79E2C2C0723FC00775087 /* SplashViewController.swift in Sources */ = {isa = PBXBuildFile; fileRef = 12D79E082C0723FC00775087 /* SplashViewController.swift */; };
		12D79E2D2C0723FC00775087 /* SplashViewModel.swift in Sources */ = {isa = PBXBuildFile; fileRef = 12D79E092C0723FC00775087 /* SplashViewModel.swift */; };
		12D79E2E2C0723FC00775087 /* Data+Extension.swift in Sources */ = {isa = PBXBuildFile; fileRef = 12D79E0C2C0723FC00775087 /* Data+Extension.swift */; };
		12D79E2F2C0723FC00775087 /* Error.swift in Sources */ = {isa = PBXBuildFile; fileRef = 12D79E0D2C0723FC00775087 /* Error.swift */; };
		12D79E302C0723FC00775087 /* String+Extension.swift in Sources */ = {isa = PBXBuildFile; fileRef = 12D79E0E2C0723FC00775087 /* String+Extension.swift */; };
		12D79E312C0723FC00775087 /* UINavigationController+Extension.swift in Sources */ = {isa = PBXBuildFile; fileRef = 12D79E0F2C0723FC00775087 /* UINavigationController+Extension.swift */; };
		12D79E322C0723FC00775087 /* UITextField+Extension.swift in Sources */ = {isa = PBXBuildFile; fileRef = 12D79E102C0723FC00775087 /* UITextField+Extension.swift */; };
		12D79E332C0723FC00775087 /* Contact.swift in Sources */ = {isa = PBXBuildFile; fileRef = 12D79E122C0723FC00775087 /* Contact.swift */; };
		12D79E342C0723FC00775087 /* BaseViewController.swift in Sources */ = {isa = PBXBuildFile; fileRef = 12D79E142C0723FC00775087 /* BaseViewController.swift */; };
		12D79E352C0723FC00775087 /* ScrollViewController.swift in Sources */ = {isa = PBXBuildFile; fileRef = 12D79E152C0723FC00775087 /* ScrollViewController.swift */; };
		12D79E362C0723FC00775087 /* TableViewController.swift in Sources */ = {isa = PBXBuildFile; fileRef = 12D79E162C0723FC00775087 /* TableViewController.swift */; };
		6C4E2791836981E070CFAF4B /* Pods_contact.framework in Frameworks */ = {isa = PBXBuildFile; fileRef = 7A6ED9365F1E9D43A17FC979 /* Pods_contact.framework */; };
/* End PBXBuildFile section */

/* Begin PBXCopyFilesBuildPhase section */
		12D79DE02C0722DA00775087 /* Embed Frameworks */ = {
			isa = PBXCopyFilesBuildPhase;
			buildActionMask = 2147483647;
			dstPath = "";
			dstSubfolderSpec = 10;
			files = (
			);
			name = "Embed Frameworks";
			runOnlyForDeploymentPostprocessing = 0;
		};
/* End PBXCopyFilesBuildPhase section */

/* Begin PBXFileReference section */
		122812682C07368600F5716F /* data.json */ = {isa = PBXFileReference; fileEncoding = 4; lastKnownFileType = text.json; path = data.json; sourceTree = "<group>"; };
		12D79DB62C07200000775087 /* contact.app */ = {isa = PBXFileReference; explicitFileType = wrapper.application; includeInIndex = 0; path = contact.app; sourceTree = BUILT_PRODUCTS_DIR; };
		12D79DB92C07200000775087 /* AppDelegate.swift */ = {isa = PBXFileReference; lastKnownFileType = sourcecode.swift; path = AppDelegate.swift; sourceTree = "<group>"; };
		12D79DBB2C07200000775087 /* SceneDelegate.swift */ = {isa = PBXFileReference; lastKnownFileType = sourcecode.swift; path = SceneDelegate.swift; sourceTree = "<group>"; };
		12D79DBD2C07200000775087 /* ViewController.swift */ = {isa = PBXFileReference; lastKnownFileType = sourcecode.swift; path = ViewController.swift; sourceTree = "<group>"; };
		12D79DC02C07200000775087 /* Base */ = {isa = PBXFileReference; lastKnownFileType = file.storyboard; name = Base; path = Base.lproj/Main.storyboard; sourceTree = "<group>"; };
		12D79DC22C07200100775087 /* Assets.xcassets */ = {isa = PBXFileReference; lastKnownFileType = folder.assetcatalog; path = Assets.xcassets; sourceTree = "<group>"; };
		12D79DC52C07200100775087 /* Base */ = {isa = PBXFileReference; lastKnownFileType = file.storyboard; name = Base; path = Base.lproj/LaunchScreen.storyboard; sourceTree = "<group>"; };
		12D79DC72C07200100775087 /* Info.plist */ = {isa = PBXFileReference; lastKnownFileType = text.plist.xml; path = Info.plist; sourceTree = "<group>"; };
		12D79DEA2C0723FC00775087 /* Assembly.swift */ = {isa = PBXFileReference; fileEncoding = 4; lastKnownFileType = sourcecode.swift; path = Assembly.swift; sourceTree = "<group>"; };
		12D79DEB2C0723FC00775087 /* Navigation.swift */ = {isa = PBXFileReference; fileEncoding = 4; lastKnownFileType = sourcecode.swift; path = Navigation.swift; sourceTree = "<group>"; };
		12D79DED2C0723FC00775087 /* DetailsConfigurator.swift */ = {isa = PBXFileReference; fileEncoding = 4; lastKnownFileType = sourcecode.swift; path = DetailsConfigurator.swift; sourceTree = "<group>"; };
		12D79DEE2C0723FC00775087 /* DetailsWireframe.swift */ = {isa = PBXFileReference; fileEncoding = 4; lastKnownFileType = sourcecode.swift; path = DetailsWireframe.swift; sourceTree = "<group>"; };
		12D79DF02C0723FC00775087 /* Details.storyboard */ = {isa = PBXFileReference; fileEncoding = 4; lastKnownFileType = file.storyboard; path = Details.storyboard; sourceTree = "<group>"; };
		12D79DF12C0723FC00775087 /* DetailsViewController.swift */ = {isa = PBXFileReference; fileEncoding = 4; lastKnownFileType = sourcecode.swift; path = DetailsViewController.swift; sourceTree = "<group>"; };
		12D79DF22C0723FC00775087 /* DetailsViewModel.swift */ = {isa = PBXFileReference; fileEncoding = 4; lastKnownFileType = sourcecode.swift; path = DetailsViewModel.swift; sourceTree = "<group>"; };
		12D79DF32C0723FC00775087 /* InputTextField.swift */ = {isa = PBXFileReference; fileEncoding = 4; lastKnownFileType = sourcecode.swift; path = InputTextField.swift; sourceTree = "<group>"; };
		12D79DF62C0723FC00775087 /* ContactService.swift */ = {isa = PBXFileReference; fileEncoding = 4; lastKnownFileType = sourcecode.swift; path = ContactService.swift; sourceTree = "<group>"; };
		12D79DF82C0723FC00775087 /* ListingConfigurator.swift */ = {isa = PBXFileReference; fileEncoding = 4; lastKnownFileType = sourcecode.swift; path = ListingConfigurator.swift; sourceTree = "<group>"; };
		12D79DF92C0723FC00775087 /* ListingWireframe.swift */ = {isa = PBXFileReference; fileEncoding = 4; lastKnownFileType = sourcecode.swift; path = ListingWireframe.swift; sourceTree = "<group>"; };
		12D79DFB2C0723FC00775087 /* ListingTableViewCell.swift */ = {isa = PBXFileReference; fileEncoding = 4; lastKnownFileType = sourcecode.swift; path = ListingTableViewCell.swift; sourceTree = "<group>"; };
		12D79DFC2C0723FC00775087 /* ListingTableViewCell.xib */ = {isa = PBXFileReference; fileEncoding = 4; lastKnownFileType = file.xib; path = ListingTableViewCell.xib; sourceTree = "<group>"; };
		12D79DFE2C0723FC00775087 /* Listing.storyboard */ = {isa = PBXFileReference; fileEncoding = 4; lastKnownFileType = file.storyboard; path = Listing.storyboard; sourceTree = "<group>"; };
		12D79DFF2C0723FC00775087 /* ListingViewController.swift */ = {isa = PBXFileReference; fileEncoding = 4; lastKnownFileType = sourcecode.swift; path = ListingViewController.swift; sourceTree = "<group>"; };
		12D79E002C0723FC00775087 /* ListingViewModel.swift */ = {isa = PBXFileReference; fileEncoding = 4; lastKnownFileType = sourcecode.swift; path = ListingViewModel.swift; sourceTree = "<group>"; };
		12D79E032C0723FC00775087 /* SplashConfigurator.swift */ = {isa = PBXFileReference; fileEncoding = 4; lastKnownFileType = sourcecode.swift; path = SplashConfigurator.swift; sourceTree = "<group>"; };
		12D79E042C0723FC00775087 /* SplashWireframe.swift */ = {isa = PBXFileReference; fileEncoding = 4; lastKnownFileType = sourcecode.swift; path = SplashWireframe.swift; sourceTree = "<group>"; };
		12D79E072C0723FC00775087 /* Splash.storyboard */ = {isa = PBXFileReference; fileEncoding = 4; lastKnownFileType = file.storyboard; path = Splash.storyboard; sourceTree = "<group>"; };
		12D79E082C0723FC00775087 /* SplashViewController.swift */ = {isa = PBXFileReference; fileEncoding = 4; lastKnownFileType = sourcecode.swift; path = SplashViewController.swift; sourceTree = "<group>"; };
		12D79E092C0723FC00775087 /* SplashViewModel.swift */ = {isa = PBXFileReference; fileEncoding = 4; lastKnownFileType = sourcecode.swift; path = SplashViewModel.swift; sourceTree = "<group>"; };
		12D79E0C2C0723FC00775087 /* Data+Extension.swift */ = {isa = PBXFileReference; fileEncoding = 4; lastKnownFileType = sourcecode.swift; path = "Data+Extension.swift"; sourceTree = "<group>"; };
		12D79E0D2C0723FC00775087 /* Error.swift */ = {isa = PBXFileReference; fileEncoding = 4; lastKnownFileType = sourcecode.swift; path = Error.swift; sourceTree = "<group>"; };
		12D79E0E2C0723FC00775087 /* String+Extension.swift */ = {isa = PBXFileReference; fileEncoding = 4; lastKnownFileType = sourcecode.swift; path = "String+Extension.swift"; sourceTree = "<group>"; };
		12D79E0F2C0723FC00775087 /* UINavigationController+Extension.swift */ = {isa = PBXFileReference; fileEncoding = 4; lastKnownFileType = sourcecode.swift; path = "UINavigationController+Extension.swift"; sourceTree = "<group>"; };
		12D79E102C0723FC00775087 /* UITextField+Extension.swift */ = {isa = PBXFileReference; fileEncoding = 4; lastKnownFileType = sourcecode.swift; path = "UITextField+Extension.swift"; sourceTree = "<group>"; };
		12D79E122C0723FC00775087 /* Contact.swift */ = {isa = PBXFileReference; fileEncoding = 4; lastKnownFileType = sourcecode.swift; path = Contact.swift; sourceTree = "<group>"; };
		12D79E142C0723FC00775087 /* BaseViewController.swift */ = {isa = PBXFileReference; fileEncoding = 4; lastKnownFileType = sourcecode.swift; path = BaseViewController.swift; sourceTree = "<group>"; };
		12D79E152C0723FC00775087 /* ScrollViewController.swift */ = {isa = PBXFileReference; fileEncoding = 4; lastKnownFileType = sourcecode.swift; path = ScrollViewController.swift; sourceTree = "<group>"; };
		12D79E162C0723FC00775087 /* TableViewController.swift */ = {isa = PBXFileReference; fileEncoding = 4; lastKnownFileType = sourcecode.swift; path = TableViewController.swift; sourceTree = "<group>"; };
		57631F49FA4CA15749165534 /* Pods-contact.release.xcconfig */ = {isa = PBXFileReference; includeInIndex = 1; lastKnownFileType = text.xcconfig; name = "Pods-contact.release.xcconfig"; path = "Target Support Files/Pods-contact/Pods-contact.release.xcconfig"; sourceTree = "<group>"; };
		7A6ED9365F1E9D43A17FC979 /* Pods_contact.framework */ = {isa = PBXFileReference; explicitFileType = wrapper.framework; includeInIndex = 0; path = Pods_contact.framework; sourceTree = BUILT_PRODUCTS_DIR; };
		A6F24A52460E611C0FC1D27E /* Pods-contact.debug.xcconfig */ = {isa = PBXFileReference; includeInIndex = 1; lastKnownFileType = text.xcconfig; name = "Pods-contact.debug.xcconfig"; path = "Target Support Files/Pods-contact/Pods-contact.debug.xcconfig"; sourceTree = "<group>"; };
/* End PBXFileReference section */

/* Begin PBXFrameworksBuildPhase section */
		12D79DB32C07200000775087 /* Frameworks */ = {
			isa = PBXFrameworksBuildPhase;
			buildActionMask = 2147483647;
			files = (
				12D79DCF2C07209700775087 /* RswiftLibrary in Frameworks */,
				12D79DD52C07218B00775087 /* IQKeyboardManagerSwift in Frameworks */,
				6C4E2791836981E070CFAF4B /* Pods_contact.framework in Frameworks */,
			);
			runOnlyForDeploymentPostprocessing = 0;
		};
/* End PBXFrameworksBuildPhase section */

/* Begin PBXGroup section */
		11873562086D847E516B9C95 /* Pods */ = {
			isa = PBXGroup;
			children = (
				A6F24A52460E611C0FC1D27E /* Pods-contact.debug.xcconfig */,
				57631F49FA4CA15749165534 /* Pods-contact.release.xcconfig */,
			);
			path = Pods;
			sourceTree = "<group>";
		};
		122812672C07365900F5716F /* Resources */ = {
			isa = PBXGroup;
			children = (
				122812682C07368600F5716F /* data.json */,
			);
			path = Resources;
			sourceTree = "<group>";
		};
		12D79DAD2C07200000775087 = {
			isa = PBXGroup;
			children = (
				12D79DB82C07200000775087 /* contact */,
				12D79DB72C07200000775087 /* Products */,
				12D79DE52C07234B00775087 /* Frameworks */,
				11873562086D847E516B9C95 /* Pods */,
			);
			sourceTree = "<group>";
		};
		12D79DB72C07200000775087 /* Products */ = {
			isa = PBXGroup;
			children = (
				12D79DB62C07200000775087 /* contact.app */,
			);
			name = Products;
			sourceTree = "<group>";
		};
		12D79DB82C07200000775087 /* contact */ = {
			isa = PBXGroup;
			children = (
				122812672C07365900F5716F /* Resources */,
				12D79DE92C0723CB00775087 /* Classes */,
				12D79DB92C07200000775087 /* AppDelegate.swift */,
				12D79DBB2C07200000775087 /* SceneDelegate.swift */,
				12D79DBD2C07200000775087 /* ViewController.swift */,
				12D79DBF2C07200000775087 /* Main.storyboard */,
				12D79DC22C07200100775087 /* Assets.xcassets */,
				12D79DC42C07200100775087 /* LaunchScreen.storyboard */,
				12D79DC72C07200100775087 /* Info.plist */,
			);
			path = contact;
			sourceTree = "<group>";
		};
		12D79DE52C07234B00775087 /* Frameworks */ = {
			isa = PBXGroup;
			children = (
				7A6ED9365F1E9D43A17FC979 /* Pods_contact.framework */,
			);
			name = Frameworks;
			sourceTree = "<group>";
		};
		12D79DE92C0723CB00775087 /* Classes */ = {
			isa = PBXGroup;
			children = (
				12D79E112C0723FC00775087 /* Extentions */,
				12D79E132C0723FC00775087 /* Model */,
				12D79DF72C0723FC00775087 /* Services */,
				12D79DEC2C0723FC00775087 /* Assembly */,
				12D79E172C0723FC00775087 /* BaseUIKit */,
				12D79E0B2C0723FC00775087 /* Splash */,
				12D79E022C0723FC00775087 /* Listing */,
				12D79DF52C0723FC00775087 /* Details */,
			);
			path = Classes;
			sourceTree = "<group>";
		};
		12D79DEC2C0723FC00775087 /* Assembly */ = {
			isa = PBXGroup;
			children = (
				12D79DEA2C0723FC00775087 /* Assembly.swift */,
				12D79DEB2C0723FC00775087 /* Navigation.swift */,
			);
			path = Assembly;
			sourceTree = "<group>";
		};
		12D79DEF2C0723FC00775087 /* Coordinator */ = {
			isa = PBXGroup;
			children = (
				12D79DED2C0723FC00775087 /* DetailsConfigurator.swift */,
				12D79DEE2C0723FC00775087 /* DetailsWireframe.swift */,
			);
			path = Coordinator;
			sourceTree = "<group>";
		};
		12D79DF42C0723FC00775087 /* View */ = {
			isa = PBXGroup;
			children = (
				12D79DF02C0723FC00775087 /* Details.storyboard */,
				12D79DF12C0723FC00775087 /* DetailsViewController.swift */,
				12D79DF22C0723FC00775087 /* DetailsViewModel.swift */,
				12D79DF32C0723FC00775087 /* InputTextField.swift */,
			);
			path = View;
			sourceTree = "<group>";
		};
		12D79DF52C0723FC00775087 /* Details */ = {
			isa = PBXGroup;
			children = (
				12D79DEF2C0723FC00775087 /* Coordinator */,
				12D79DF42C0723FC00775087 /* View */,
			);
			path = Details;
			sourceTree = "<group>";
		};
		12D79DF72C0723FC00775087 /* Services */ = {
			isa = PBXGroup;
			children = (
				12D79DF62C0723FC00775087 /* ContactService.swift */,
			);
			path = Services;
			sourceTree = "<group>";
		};
		12D79DFA2C0723FC00775087 /* Coordinator */ = {
			isa = PBXGroup;
			children = (
				12D79DF82C0723FC00775087 /* ListingConfigurator.swift */,
				12D79DF92C0723FC00775087 /* ListingWireframe.swift */,
			);
			path = Coordinator;
			sourceTree = "<group>";
		};
		12D79DFD2C0723FC00775087 /* Cell */ = {
			isa = PBXGroup;
			children = (
				12D79DFB2C0723FC00775087 /* ListingTableViewCell.swift */,
				12D79DFC2C0723FC00775087 /* ListingTableViewCell.xib */,
			);
			path = Cell;
			sourceTree = "<group>";
		};
		12D79E012C0723FC00775087 /* View */ = {
			isa = PBXGroup;
			children = (
				12D79DFD2C0723FC00775087 /* Cell */,
				12D79DFE2C0723FC00775087 /* Listing.storyboard */,
				12D79DFF2C0723FC00775087 /* ListingViewController.swift */,
				12D79E002C0723FC00775087 /* ListingViewModel.swift */,
			);
			path = View;
			sourceTree = "<group>";
		};
		12D79E022C0723FC00775087 /* Listing */ = {
			isa = PBXGroup;
			children = (
				12D79DFA2C0723FC00775087 /* Coordinator */,
				12D79E012C0723FC00775087 /* View */,
			);
			path = Listing;
			sourceTree = "<group>";
		};
		12D79E052C0723FC00775087 /* Coordinator */ = {
			isa = PBXGroup;
			children = (
				12D79E032C0723FC00775087 /* SplashConfigurator.swift */,
				12D79E042C0723FC00775087 /* SplashWireframe.swift */,
			);
			path = Coordinator;
			sourceTree = "<group>";
		};
		12D79E0A2C0723FC00775087 /* View */ = {
			isa = PBXGroup;
			children = (
				12D79E072C0723FC00775087 /* Splash.storyboard */,
				12D79E082C0723FC00775087 /* SplashViewController.swift */,
				12D79E092C0723FC00775087 /* SplashViewModel.swift */,
			);
			path = View;
			sourceTree = "<group>";
		};
		12D79E0B2C0723FC00775087 /* Splash */ = {
			isa = PBXGroup;
			children = (
				12D79E052C0723FC00775087 /* Coordinator */,
				12D79E0A2C0723FC00775087 /* View */,
			);
			path = Splash;
			sourceTree = "<group>";
		};
		12D79E112C0723FC00775087 /* Extentions */ = {
			isa = PBXGroup;
			children = (
				12D79E0C2C0723FC00775087 /* Data+Extension.swift */,
				12D79E0D2C0723FC00775087 /* Error.swift */,
				12D79E0E2C0723FC00775087 /* String+Extension.swift */,
				12D79E0F2C0723FC00775087 /* UINavigationController+Extension.swift */,
				12D79E102C0723FC00775087 /* UITextField+Extension.swift */,
			);
			path = Extentions;
			sourceTree = "<group>";
		};
		12D79E132C0723FC00775087 /* Model */ = {
			isa = PBXGroup;
			children = (
				12D79E122C0723FC00775087 /* Contact.swift */,
			);
			path = Model;
			sourceTree = "<group>";
		};
		12D79E172C0723FC00775087 /* BaseUIKit */ = {
			isa = PBXGroup;
			children = (
				12D79E142C0723FC00775087 /* BaseViewController.swift */,
				12D79E152C0723FC00775087 /* ScrollViewController.swift */,
				12D79E162C0723FC00775087 /* TableViewController.swift */,
			);
			path = BaseUIKit;
			sourceTree = "<group>";
		};
/* End PBXGroup section */

/* Begin PBXNativeTarget section */
		12D79DB52C07200000775087 /* contact */ = {
			isa = PBXNativeTarget;
			buildConfigurationList = 12D79DCA2C07200100775087 /* Build configuration list for PBXNativeTarget "contact" */;
			buildPhases = (
				39DA97308BB1178FCC26183D /* [CP] Check Pods Manifest.lock */,
				12D79DB22C07200000775087 /* Sources */,
				12D79DB32C07200000775087 /* Frameworks */,
				12D79DB42C07200000775087 /* Resources */,
				12D79DE02C0722DA00775087 /* Embed Frameworks */,
				07E3CEDF7220209DEA120B29 /* [CP] Embed Pods Frameworks */,
			);
			buildRules = (
			);
			dependencies = (
				12D79DD12C07210100775087 /* PBXTargetDependency */,
			);
			name = contact;
			packageProductDependencies = (
				12D79DCE2C07209700775087 /* RswiftLibrary */,
				12D79DD42C07218B00775087 /* IQKeyboardManagerSwift */,
			);
			productName = contact;
			productReference = 12D79DB62C07200000775087 /* contact.app */;
			productType = "com.apple.product-type.application";
		};
/* End PBXNativeTarget section */

/* Begin PBXProject section */
		12D79DAE2C07200000775087 /* Project object */ = {
			isa = PBXProject;
			attributes = {
				BuildIndependentTargetsInParallel = 1;
				LastSwiftUpdateCheck = 1540;
				LastUpgradeCheck = 1540;
				TargetAttributes = {
					12D79DB52C07200000775087 = {
						CreatedOnToolsVersion = 15.4;
					};
				};
			};
			buildConfigurationList = 12D79DB12C07200000775087 /* Build configuration list for PBXProject "contact" */;
			compatibilityVersion = "Xcode 14.0";
			developmentRegion = en;
			hasScannedForEncodings = 0;
			knownRegions = (
				en,
				Base,
			);
			mainGroup = 12D79DAD2C07200000775087;
			packageReferences = (
				12D79DCD2C07209700775087 /* XCRemoteSwiftPackageReference "R.swift" */,
				12D79DD32C07218B00775087 /* XCRemoteSwiftPackageReference "IQKeyboardManager" */,
			);
			productRefGroup = 12D79DB72C07200000775087 /* Products */;
			projectDirPath = "";
			projectRoot = "";
			targets = (
				12D79DB52C07200000775087 /* contact */,
			);
		};
/* End PBXProject section */

/* Begin PBXResourcesBuildPhase section */
		12D79DB42C07200000775087 /* Resources */ = {
			isa = PBXResourcesBuildPhase;
			buildActionMask = 2147483647;
			files = (
				12D79DC32C07200100775087 /* Assets.xcassets in Resources */,
				12D79DC62C07200100775087 /* Base in Resources */,
				12D79DC12C07200000775087 /* Base in Resources */,
				122812692C07368600F5716F /* data.json in Resources */,
				12D79E2B2C0723FC00775087 /* Splash.storyboard in Resources */,
				12D79E1C2C0723FC00775087 /* Details.storyboard in Resources */,
				12D79E242C0723FC00775087 /* ListingTableViewCell.xib in Resources */,
				12D79E252C0723FC00775087 /* Listing.storyboard in Resources */,
			);
			runOnlyForDeploymentPostprocessing = 0;
		};
/* End PBXResourcesBuildPhase section */

/* Begin PBXShellScriptBuildPhase section */
		07E3CEDF7220209DEA120B29 /* [CP] Embed Pods Frameworks */ = {
			isa = PBXShellScriptBuildPhase;
			buildActionMask = 2147483647;
			files = (
			);
			inputFileListPaths = (
				"${PODS_ROOT}/Target Support Files/Pods-contact/Pods-contact-frameworks-${CONFIGURATION}-input-files.xcfilelist",
			);
			name = "[CP] Embed Pods Frameworks";
			outputFileListPaths = (
				"${PODS_ROOT}/Target Support Files/Pods-contact/Pods-contact-frameworks-${CONFIGURATION}-output-files.xcfilelist",
			);
			runOnlyForDeploymentPostprocessing = 0;
			shellPath = /bin/sh;
			shellScript = "\"${PODS_ROOT}/Target Support Files/Pods-contact/Pods-contact-frameworks.sh\"\n";
			showEnvVarsInLog = 0;
		};
		39DA97308BB1178FCC26183D /* [CP] Check Pods Manifest.lock */ = {
			isa = PBXShellScriptBuildPhase;
			buildActionMask = 2147483647;
			files = (
			);
			inputFileListPaths = (
			);
			inputPaths = (
				"${PODS_PODFILE_DIR_PATH}/Podfile.lock",
				"${PODS_ROOT}/Manifest.lock",
			);
			name = "[CP] Check Pods Manifest.lock";
			outputFileListPaths = (
			);
			outputPaths = (
				"$(DERIVED_FILE_DIR)/Pods-contact-checkManifestLockResult.txt",
			);
			runOnlyForDeploymentPostprocessing = 0;
			shellPath = /bin/sh;
			shellScript = "diff \"${PODS_PODFILE_DIR_PATH}/Podfile.lock\" \"${PODS_ROOT}/Manifest.lock\" > /dev/null\nif [ $? != 0 ] ; then\n    # print error to STDERR\n    echo \"error: The sandbox is not in sync with the Podfile.lock. Run 'pod install' or update your CocoaPods installation.\" >&2\n    exit 1\nfi\n# This output is used by Xcode 'outputs' to avoid re-running this script phase.\necho \"SUCCESS\" > \"${SCRIPT_OUTPUT_FILE_0}\"\n";
			showEnvVarsInLog = 0;
		};
/* End PBXShellScriptBuildPhase section */

/* Begin PBXSourcesBuildPhase section */
		12D79DB22C07200000775087 /* Sources */ = {
			isa = PBXSourcesBuildPhase;
			buildActionMask = 2147483647;
			files = (
				12D79E332C0723FC00775087 /* Contact.swift in Sources */,
				12D79E1F2C0723FC00775087 /* InputTextField.swift in Sources */,
				12D79DBE2C07200000775087 /* ViewController.swift in Sources */,
				12D79E352C0723FC00775087 /* ScrollViewController.swift in Sources */,
				12D79E222C0723FC00775087 /* ListingWireframe.swift in Sources */,
				12D79E1B2C0723FC00775087 /* DetailsWireframe.swift in Sources */,
				12D79E342C0723FC00775087 /* BaseViewController.swift in Sources */,
				12D79E232C0723FC00775087 /* ListingTableViewCell.swift in Sources */,
				12D79E292C0723FC00775087 /* SplashWireframe.swift in Sources */,
				12D79E362C0723FC00775087 /* TableViewController.swift in Sources */,
				12D79E182C0723FC00775087 /* Assembly.swift in Sources */,
				12D79E1D2C0723FC00775087 /* DetailsViewController.swift in Sources */,
				12D79E2E2C0723FC00775087 /* Data+Extension.swift in Sources */,
				12D79E272C0723FC00775087 /* ListingViewModel.swift in Sources */,
				12D79E322C0723FC00775087 /* UITextField+Extension.swift in Sources */,
				12D79E282C0723FC00775087 /* SplashConfigurator.swift in Sources */,
				12D79E312C0723FC00775087 /* UINavigationController+Extension.swift in Sources */,
				12D79E212C0723FC00775087 /* ListingConfigurator.swift in Sources */,
				12D79E302C0723FC00775087 /* String+Extension.swift in Sources */,
				12D79E192C0723FC00775087 /* Navigation.swift in Sources */,
				12D79E262C0723FC00775087 /* ListingViewController.swift in Sources */,
				12D79E2F2C0723FC00775087 /* Error.swift in Sources */,
				12D79E1A2C0723FC00775087 /* DetailsConfigurator.swift in Sources */,
				12D79E2C2C0723FC00775087 /* SplashViewController.swift in Sources */,
				12D79E2D2C0723FC00775087 /* SplashViewModel.swift in Sources */,
				12D79DBA2C07200000775087 /* AppDelegate.swift in Sources */,
				12D79E202C0723FC00775087 /* ContactService.swift in Sources */,
				12D79DBC2C07200000775087 /* SceneDelegate.swift in Sources */,
				12D79E1E2C0723FC00775087 /* DetailsViewModel.swift in Sources */,
			);
			runOnlyForDeploymentPostprocessing = 0;
		};
/* End PBXSourcesBuildPhase section */

/* Begin PBXTargetDependency section */
		12D79DD12C07210100775087 /* PBXTargetDependency */ = {
			isa = PBXTargetDependency;
			productRef = 12D79DD02C07210100775087 /* RswiftGenerateInternalResources */;
		};
/* End PBXTargetDependency section */

/* Begin PBXVariantGroup section */
		12D79DBF2C07200000775087 /* Main.storyboard */ = {
			isa = PBXVariantGroup;
			children = (
				12D79DC02C07200000775087 /* Base */,
			);
			name = Main.storyboard;
			sourceTree = "<group>";
		};
		12D79DC42C07200100775087 /* LaunchScreen.storyboard */ = {
			isa = PBXVariantGroup;
			children = (
				12D79DC52C07200100775087 /* Base */,
			);
			name = LaunchScreen.storyboard;
			sourceTree = "<group>";
		};
/* End PBXVariantGroup section */

/* Begin XCBuildConfiguration section */
		12D79DC82C07200100775087 /* Debug */ = {
			isa = XCBuildConfiguration;
			buildSettings = {
				ALWAYS_SEARCH_USER_PATHS = NO;
				ASSETCATALOG_COMPILER_GENERATE_SWIFT_ASSET_SYMBOL_EXTENSIONS = YES;
				CLANG_ANALYZER_NONNULL = YES;
				CLANG_ANALYZER_NUMBER_OBJECT_CONVERSION = YES_AGGRESSIVE;
				CLANG_CXX_LANGUAGE_STANDARD = "gnu++20";
				CLANG_ENABLE_MODULES = YES;
				CLANG_ENABLE_OBJC_ARC = YES;
				CLANG_ENABLE_OBJC_WEAK = YES;
				CLANG_WARN_BLOCK_CAPTURE_AUTORELEASING = YES;
				CLANG_WARN_BOOL_CONVERSION = YES;
				CLANG_WARN_COMMA = YES;
				CLANG_WARN_CONSTANT_CONVERSION = YES;
				CLANG_WARN_DEPRECATED_OBJC_IMPLEMENTATIONS = YES;
				CLANG_WARN_DIRECT_OBJC_ISA_USAGE = YES_ERROR;
				CLANG_WARN_DOCUMENTATION_COMMENTS = YES;
				CLANG_WARN_EMPTY_BODY = YES;
				CLANG_WARN_ENUM_CONVERSION = YES;
				CLANG_WARN_INFINITE_RECURSION = YES;
				CLANG_WARN_INT_CONVERSION = YES;
				CLANG_WARN_NON_LITERAL_NULL_CONVERSION = YES;
				CLANG_WARN_OBJC_IMPLICIT_RETAIN_SELF = YES;
				CLANG_WARN_OBJC_LITERAL_CONVERSION = YES;
				CLANG_WARN_OBJC_ROOT_CLASS = YES_ERROR;
				CLANG_WARN_QUOTED_INCLUDE_IN_FRAMEWORK_HEADER = YES;
				CLANG_WARN_RANGE_LOOP_ANALYSIS = YES;
				CLANG_WARN_STRICT_PROTOTYPES = YES;
				CLANG_WARN_SUSPICIOUS_MOVE = YES;
				CLANG_WARN_UNGUARDED_AVAILABILITY = YES_AGGRESSIVE;
				CLANG_WARN_UNREACHABLE_CODE = YES;
				CLANG_WARN__DUPLICATE_METHOD_MATCH = YES;
				COPY_PHASE_STRIP = NO;
				DEBUG_INFORMATION_FORMAT = dwarf;
				ENABLE_STRICT_OBJC_MSGSEND = YES;
				ENABLE_TESTABILITY = YES;
				ENABLE_USER_SCRIPT_SANDBOXING = YES;
				GCC_C_LANGUAGE_STANDARD = gnu17;
				GCC_DYNAMIC_NO_PIC = NO;
				GCC_NO_COMMON_BLOCKS = YES;
				GCC_OPTIMIZATION_LEVEL = 0;
				GCC_PREPROCESSOR_DEFINITIONS = (
					"DEBUG=1",
					"$(inherited)",
				);
				GCC_WARN_64_TO_32_BIT_CONVERSION = YES;
				GCC_WARN_ABOUT_RETURN_TYPE = YES_ERROR;
				GCC_WARN_UNDECLARED_SELECTOR = YES;
				GCC_WARN_UNINITIALIZED_AUTOS = YES_AGGRESSIVE;
				GCC_WARN_UNUSED_FUNCTION = YES;
				GCC_WARN_UNUSED_VARIABLE = YES;
				IPHONEOS_DEPLOYMENT_TARGET = 17.5;
				LOCALIZATION_PREFERS_STRING_CATALOGS = YES;
				MTL_ENABLE_DEBUG_INFO = INCLUDE_SOURCE;
				MTL_FAST_MATH = YES;
				ONLY_ACTIVE_ARCH = YES;
				SDKROOT = iphoneos;
				SWIFT_ACTIVE_COMPILATION_CONDITIONS = "DEBUG $(inherited)";
				SWIFT_OPTIMIZATION_LEVEL = "-Onone";
			};
			name = Debug;
		};
		12D79DC92C07200100775087 /* Release */ = {
			isa = XCBuildConfiguration;
			buildSettings = {
				ALWAYS_SEARCH_USER_PATHS = NO;
				ASSETCATALOG_COMPILER_GENERATE_SWIFT_ASSET_SYMBOL_EXTENSIONS = YES;
				CLANG_ANALYZER_NONNULL = YES;
				CLANG_ANALYZER_NUMBER_OBJECT_CONVERSION = YES_AGGRESSIVE;
				CLANG_CXX_LANGUAGE_STANDARD = "gnu++20";
				CLANG_ENABLE_MODULES = YES;
				CLANG_ENABLE_OBJC_ARC = YES;
				CLANG_ENABLE_OBJC_WEAK = YES;
				CLANG_WARN_BLOCK_CAPTURE_AUTORELEASING = YES;
				CLANG_WARN_BOOL_CONVERSION = YES;
				CLANG_WARN_COMMA = YES;
				CLANG_WARN_CONSTANT_CONVERSION = YES;
				CLANG_WARN_DEPRECATED_OBJC_IMPLEMENTATIONS = YES;
				CLANG_WARN_DIRECT_OBJC_ISA_USAGE = YES_ERROR;
				CLANG_WARN_DOCUMENTATION_COMMENTS = YES;
				CLANG_WARN_EMPTY_BODY = YES;
				CLANG_WARN_ENUM_CONVERSION = YES;
				CLANG_WARN_INFINITE_RECURSION = YES;
				CLANG_WARN_INT_CONVERSION = YES;
				CLANG_WARN_NON_LITERAL_NULL_CONVERSION = YES;
				CLANG_WARN_OBJC_IMPLICIT_RETAIN_SELF = YES;
				CLANG_WARN_OBJC_LITERAL_CONVERSION = YES;
				CLANG_WARN_OBJC_ROOT_CLASS = YES_ERROR;
				CLANG_WARN_QUOTED_INCLUDE_IN_FRAMEWORK_HEADER = YES;
				CLANG_WARN_RANGE_LOOP_ANALYSIS = YES;
				CLANG_WARN_STRICT_PROTOTYPES = YES;
				CLANG_WARN_SUSPICIOUS_MOVE = YES;
				CLANG_WARN_UNGUARDED_AVAILABILITY = YES_AGGRESSIVE;
				CLANG_WARN_UNREACHABLE_CODE = YES;
				CLANG_WARN__DUPLICATE_METHOD_MATCH = YES;
				COPY_PHASE_STRIP = NO;
				DEBUG_INFORMATION_FORMAT = "dwarf-with-dsym";
				ENABLE_NS_ASSERTIONS = NO;
				ENABLE_STRICT_OBJC_MSGSEND = YES;
				ENABLE_USER_SCRIPT_SANDBOXING = YES;
				GCC_C_LANGUAGE_STANDARD = gnu17;
				GCC_NO_COMMON_BLOCKS = YES;
				GCC_WARN_64_TO_32_BIT_CONVERSION = YES;
				GCC_WARN_ABOUT_RETURN_TYPE = YES_ERROR;
				GCC_WARN_UNDECLARED_SELECTOR = YES;
				GCC_WARN_UNINITIALIZED_AUTOS = YES_AGGRESSIVE;
				GCC_WARN_UNUSED_FUNCTION = YES;
				GCC_WARN_UNUSED_VARIABLE = YES;
				IPHONEOS_DEPLOYMENT_TARGET = 17.5;
				LOCALIZATION_PREFERS_STRING_CATALOGS = YES;
				MTL_ENABLE_DEBUG_INFO = NO;
				MTL_FAST_MATH = YES;
				SDKROOT = iphoneos;
				SWIFT_COMPILATION_MODE = wholemodule;
				VALIDATE_PRODUCT = YES;
			};
			name = Release;
		};
		12D79DCB2C07200100775087 /* Debug */ = {
			isa = XCBuildConfiguration;
			baseConfigurationReference = A6F24A52460E611C0FC1D27E /* Pods-contact.debug.xcconfig */;
			buildSettings = {
				ASSETCATALOG_COMPILER_APPICON_NAME = AppIcon;
				ASSETCATALOG_COMPILER_GLOBAL_ACCENT_COLOR_NAME = AccentColor;
				CODE_SIGN_STYLE = Automatic;
				CURRENT_PROJECT_VERSION = 1;
				ENABLE_USER_SCRIPT_SANDBOXING = NO;
				GENERATE_INFOPLIST_FILE = YES;
				INFOPLIST_FILE = contact/Info.plist;
				INFOPLIST_KEY_UIApplicationSupportsIndirectInputEvents = YES;
				INFOPLIST_KEY_UILaunchStoryboardName = LaunchScreen;
				INFOPLIST_KEY_UIMainStoryboardFile = Main;
				INFOPLIST_KEY_UISupportedInterfaceOrientations = UIInterfaceOrientationPortrait;
				INFOPLIST_KEY_UISupportedInterfaceOrientations_iPad = "UIInterfaceOrientationPortrait UIInterfaceOrientationPortraitUpsideDown";
				IPHONEOS_DEPLOYMENT_TARGET = 13.0;
				LD_RUNPATH_SEARCH_PATHS = (
					"$(inherited)",
					"@executable_path/Frameworks",
				);
				MARKETING_VERSION = 1.0;
				PRODUCT_BUNDLE_IDENTIFIER = sitinorain.contact;
				PRODUCT_NAME = "$(TARGET_NAME)";
				SWIFT_EMIT_LOC_STRINGS = YES;
				SWIFT_VERSION = 5.0;
				TARGETED_DEVICE_FAMILY = "1,2";
			};
			name = Debug;
		};
		12D79DCC2C07200100775087 /* Release */ = {
			isa = XCBuildConfiguration;
			baseConfigurationReference = 57631F49FA4CA15749165534 /* Pods-contact.release.xcconfig */;
			buildSettings = {
				ASSETCATALOG_COMPILER_APPICON_NAME = AppIcon;
				ASSETCATALOG_COMPILER_GLOBAL_ACCENT_COLOR_NAME = AccentColor;
				CODE_SIGN_STYLE = Automatic;
				CURRENT_PROJECT_VERSION = 1;
				ENABLE_USER_SCRIPT_SANDBOXING = NO;
				GENERATE_INFOPLIST_FILE = YES;
				INFOPLIST_FILE = contact/Info.plist;
				INFOPLIST_KEY_UIApplicationSupportsIndirectInputEvents = YES;
				INFOPLIST_KEY_UILaunchStoryboardName = LaunchScreen;
				INFOPLIST_KEY_UIMainStoryboardFile = Main;
				INFOPLIST_KEY_UISupportedInterfaceOrientations = UIInterfaceOrientationPortrait;
				INFOPLIST_KEY_UISupportedInterfaceOrientations_iPad = "UIInterfaceOrientationPortrait UIInterfaceOrientationPortraitUpsideDown";
				IPHONEOS_DEPLOYMENT_TARGET = 13.0;
				LD_RUNPATH_SEARCH_PATHS = (
					"$(inherited)",
					"@executable_path/Frameworks",
				);
				MARKETING_VERSION = 1.0;
				PRODUCT_BUNDLE_IDENTIFIER = sitinorain.contact;
				PRODUCT_NAME = "$(TARGET_NAME)";
				SWIFT_EMIT_LOC_STRINGS = YES;
				SWIFT_VERSION = 5.0;
				TARGETED_DEVICE_FAMILY = "1,2";
			};
			name = Release;
		};
/* End XCBuildConfiguration section */

/* Begin XCConfigurationList section */
		12D79DB12C07200000775087 /* Build configuration list for PBXProject "contact" */ = {
			isa = XCConfigurationList;
			buildConfigurations = (
				12D79DC82C07200100775087 /* Debug */,
				12D79DC92C07200100775087 /* Release */,
			);
			defaultConfigurationIsVisible = 0;
			defaultConfigurationName = Release;
		};
		12D79DCA2C07200100775087 /* Build configuration list for PBXNativeTarget "contact" */ = {
			isa = XCConfigurationList;
			buildConfigurations = (
				12D79DCB2C07200100775087 /* Debug */,
				12D79DCC2C07200100775087 /* Release */,
			);
			defaultConfigurationIsVisible = 0;
			defaultConfigurationName = Release;
		};
/* End XCConfigurationList section */

/* Begin XCRemoteSwiftPackageReference section */
		12D79DCD2C07209700775087 /* XCRemoteSwiftPackageReference "R.swift" */ = {
			isa = XCRemoteSwiftPackageReference;
			repositoryURL = "https://github.com/mac-cain13/R.swift.git";
			requirement = {
				kind = upToNextMajorVersion;
				minimumVersion = 7.5.0;
			};
		};
		12D79DD32C07218B00775087 /* XCRemoteSwiftPackageReference "IQKeyboardManager" */ = {
			isa = XCRemoteSwiftPackageReference;
			repositoryURL = "https://github.com/hackiftekhar/IQKeyboardManager.git";
			requirement = {
				kind = upToNextMajorVersion;
				minimumVersion = 7.0.3;
			};
		};
/* End XCRemoteSwiftPackageReference section */

/* Begin XCSwiftPackageProductDependency section */
		12D79DCE2C07209700775087 /* RswiftLibrary */ = {
			isa = XCSwiftPackageProductDependency;
			package = 12D79DCD2C07209700775087 /* XCRemoteSwiftPackageReference "R.swift" */;
			productName = RswiftLibrary;
		};
		12D79DD02C07210100775087 /* RswiftGenerateInternalResources */ = {
			isa = XCSwiftPackageProductDependency;
			package = 12D79DCD2C07209700775087 /* XCRemoteSwiftPackageReference "R.swift" */;
			productName = "plugin:RswiftGenerateInternalResources";
		};
		12D79DD42C07218B00775087 /* IQKeyboardManagerSwift */ = {
			isa = XCSwiftPackageProductDependency;
			package = 12D79DD32C07218B00775087 /* XCRemoteSwiftPackageReference "IQKeyboardManager" */;
			productName = IQKeyboardManagerSwift;
		};
/* End XCSwiftPackageProductDependency section */
	};
	rootObject = 12D79DAE2C07200000775087 /* Project object */;
}
